Microsoft Visual Studio Solution File, Format Version 12.00
# Visual Studio Version 17
VisualStudioVersion = 17.5.2.0
MinimumVisualStudioVersion = 10.0.40219.1
Project("{FAE04EC0-301F-11D3-BF4B-00C04F79EFBC}") = "IsaacTrinkets", "IsaacTrinkets.csproj", "{B63E7D02-8288-F2C3-2C55-779057C11AE3}"
EndProject
Global
	GlobalSection(SolutionConfigurationPlatforms) = preSolution
		Debug|Any CPU = Debug|Any CPU
		Release|Any CPU = Release|Any CPU
	EndGlobalSection
	GlobalSection(ProjectConfigurationPlatforms) = postSolution
		{B63E7D02-8288-F2C3-2C55-779057C11AE3}.Debug|Any CPU.ActiveCfg = Debug|Any CPU
		{B63E7D02-8288-F2C3-2C55-779057C11AE3}.Debug|Any CPU.Build.0 = Debug|Any CPU
		{B63E7D02-8288-F2C3-2C55-779057C11AE3}.Release|Any CPU.ActiveCfg = Release|Any CPU
		{B63E7D02-8288-F2C3-2C55-779057C11AE3}.Release|Any CPU.Build.0 = Release|Any CPU
	EndGlobalSection
	GlobalSection(SolutionProperties) = preSolution
		HideSolutionNode = FALSE
	EndGlobalSection
	GlobalSection(ExtensibilityGlobals) = postSolution
		SolutionGuid = {BFD3E5F4-BF8B-4D98-9264-F59BBBCC1329}
	EndGlobalSection
EndGlobal
